
Microsoft Visual Studio Solution File, Format Version 12.00
# Visual Studio 2012
Project("{FAE04EC0-301F-11D3-BF4B-00C04F79EFBC}") = "ExpenseManager.Repository", "ExpenseManager.Repository.csproj", "{0F02C4F7-3C0B-4D29-A2AF-ECC70EC8B905}"
EndProject
Global
	GlobalSection(SolutionConfigurationPlatforms) = preSolution
		Debug|Any CPU = Debug|Any CPU
		Release|Any CPU = Release|Any CPU
	EndGlobalSection
	GlobalSection(ProjectConfigurationPlatforms) = postSolution
		{0F02C4F7-3C0B-4D29-A2AF-ECC70EC8B905}.Debug|Any CPU.ActiveCfg = Debug|Any CPU
		{0F02C4F7-3C0B-4D29-A2AF-ECC70EC8B905}.Debug|Any CPU.Build.0 = Debug|Any CPU
		{0F02C4F7-3C0B-4D29-A2AF-ECC70EC8B905}.Release|Any CPU.ActiveCfg = Release|Any CPU
		{0F02C4F7-3C0B-4D29-A2AF-ECC70EC8B905}.Release|Any CPU.Build.0 = Release|Any CPU
	EndGlobalSection
EndGlobal
